
Microsoft Visual Studio Solution File, Format Version 12.00
# Visual Studio Version 17
VisualStudioVersion = 17.3.32901.215
MinimumVisualStudioVersion = 10.0.40219.1
Project("{9A19103F-16F7-4668-BE54-9A1E7A4F7556}") = "StudentsManagementApp", "StudentsManagementApp\StudentsManagementApp.csproj", "{4ECB7C90-E11F-4296-9D0B-D794694CA470}"
EndProject
Global
	GlobalSection(SolutionConfigurationPlatforms) = preSolution
		Debug|Any CPU = Debug|Any CPU
		Release|Any CPU = Release|Any CPU
	EndGlobalSection
	GlobalSection(ProjectConfigurationPlatforms) = postSolution
		{4ECB7C90-E11F-4296-9D0B-D794694CA470}.Debug|Any CPU.ActiveCfg = Debug|Any CPU
		{4ECB7C90-E11F-4296-9D0B-D794694CA470}.Debug|Any CPU.Build.0 = Debug|Any CPU
		{4ECB7C90-E11F-4296-9D0B-D794694CA470}.Release|Any CPU.ActiveCfg = Release|Any CPU
		{4ECB7C90-E11F-4296-9D0B-D794694CA470}.Release|Any CPU.Build.0 = Release|Any CPU
	EndGlobalSection
	GlobalSection(SolutionProperties) = preSolution
		HideSolutionNode = FALSE
	EndGlobalSection
	GlobalSection(ExtensibilityGlobals) = postSolution
		SolutionGuid = {D265D44C-E89C-4088-8346-77A7567C53D8}
	EndGlobalSection
EndGlobal
